
Microsoft Visual Studio Solution File, Format Version 12.00
# Visual Studio 15
VisualStudioVersion = 15.0.26430.6
MinimumVisualStudioVersion = 10.0.40219.1
Project("{FAE04EC0-301F-11D3-BF4B-00C04F79EFBC}") = "CalcWinForm", "CalcWinForm\CalcWinForm.csproj", "{9F880091-4703-43A7-AD4C-24D4B0ACA02C}"
EndProject
Project("{FAE04EC0-301F-11D3-BF4B-00C04F79EFBC}") = "TestCalc", "TestCalc\TestCalc.csproj", "{AAF154F4-17A1-4A7D-8895-4CEE1265CFB4}"
EndProject
Global
	GlobalSection(SolutionConfigurationPlatforms) = preSolution
		Debug|Any CPU = Debug|Any CPU
		Release|Any CPU = Release|Any CPU
	EndGlobalSection
	GlobalSection(ProjectConfigurationPlatforms) = postSolution
		{9F880091-4703-43A7-AD4C-24D4B0ACA02C}.Debug|Any CPU.ActiveCfg = Debug|Any CPU
		{9F880091-4703-43A7-AD4C-24D4B0ACA02C}.Debug|Any CPU.Build.0 = Debug|Any CPU
		{9F880091-4703-43A7-AD4C-24D4B0ACA02C}.Release|Any CPU.ActiveCfg = Release|Any CPU
		{9F880091-4703-43A7-AD4C-24D4B0ACA02C}.Release|Any CPU.Build.0 = Release|Any CPU
		{AAF154F4-17A1-4A7D-8895-4CEE1265CFB4}.Debug|Any CPU.ActiveCfg = Debug|Any CPU
		{AAF154F4-17A1-4A7D-8895-4CEE1265CFB4}.Debug|Any CPU.Build.0 = Debug|Any CPU
		{AAF154F4-17A1-4A7D-8895-4CEE1265CFB4}.Release|Any CPU.ActiveCfg = Release|Any CPU
		{AAF154F4-17A1-4A7D-8895-4CEE1265CFB4}.Release|Any CPU.Build.0 = Release|Any CPU
	EndGlobalSection
	GlobalSection(SolutionProperties) = preSolution
		HideSolutionNode = FALSE
	EndGlobalSection
EndGlobal
